
Microsoft Visual Studio Solution File, Format Version 12.00
# Visual Studio Version 16
VisualStudioVersion = 16.0.29215.179
MinimumVisualStudioVersion = 10.0.40219.1
Project("{FAE04EC0-301F-11D3-BF4B-00C04F79EFBC}") = "Inlämingsuppgift", "Inlämingsuppgift\Inlämingsuppgift.csproj", "{C19143BB-2493-4A91-9770-57E8494F3EFD}"
EndProject
Global
	GlobalSection(SolutionConfigurationPlatforms) = preSolution
		Debug|Any CPU = Debug|Any CPU
		Release|Any CPU = Release|Any CPU
	EndGlobalSection
	GlobalSection(ProjectConfigurationPlatforms) = postSolution
		{C19143BB-2493-4A91-9770-57E8494F3EFD}.Debug|Any CPU.ActiveCfg = Debug|Any CPU
		{C19143BB-2493-4A91-9770-57E8494F3EFD}.Debug|Any CPU.Build.0 = Debug|Any CPU
		{C19143BB-2493-4A91-9770-57E8494F3EFD}.Release|Any CPU.ActiveCfg = Release|Any CPU
		{C19143BB-2493-4A91-9770-57E8494F3EFD}.Release|Any CPU.Build.0 = Release|Any CPU
	EndGlobalSection
	GlobalSection(SolutionProperties) = preSolution
		HideSolutionNode = FALSE
	EndGlobalSection
	GlobalSection(ExtensibilityGlobals) = postSolution
		SolutionGuid = {89BA5A3C-E7CB-4103-BEC2-3015EAB96B07}
	EndGlobalSection
EndGlobal
